
Microsoft Visual Studio Solution File, Format Version 12.00
# Visual Studio 14
VisualStudioVersion = 14.0.25420.1
MinimumVisualStudioVersion = 10.0.40219.1
Project("{2150E333-8FDC-42A3-9474-1A3956D46DE8}") = "1.Presentation", "1.Presentation", "{692D34B2-BAD1-4B39-AC2E-6FD647159BE4}"
EndProject
Project("{2150E333-8FDC-42A3-9474-1A3956D46DE8}") = "2.Application", "2.Application", "{A8667B57-33BB-4390-B768-8B0F5B5B0538}"
EndProject
Project("{2150E333-8FDC-42A3-9474-1A3956D46DE8}") = "3.Core", "3.Core", "{B472E30E-2619-48A5-A3F8-557E1F184273}"
EndProject
Project("{2150E333-8FDC-42A3-9474-1A3956D46DE8}") = "4.Data", "4.Data", "{714ECD53-B34B-4940-8CB4-A485EA15384D}"
EndProject
Project("{2150E333-8FDC-42A3-9474-1A3956D46DE8}") = "5.Crosscutting", "5.Crosscutting", "{02183C6F-3160-48A1-A76E-3EA83EDFC542}"
EndProject
Project("{2150E333-8FDC-42A3-9474-1A3956D46DE8}") = "6.Testing", "6.Testing", "{6668F49C-A5FA-43A9-84E8-A4AADD9E95A3}"
EndProject
Project("{2150E333-8FDC-42A3-9474-1A3956D46DE8}") = "Mobile", "Mobile", "{918219B0-D7FB-4984-8882-E40E4E5C07B4}"
EndProject
Project("{2150E333-8FDC-42A3-9474-1A3956D46DE8}") = "Web", "Web", "{D880FAEF-0475-4BF6-B1EF-B0B5620A3332}"
EndProject
Project("{2150E333-8FDC-42A3-9474-1A3956D46DE8}") = "Common", "Common", "{D64CE34A-DC8F-4A49-99AC-81BBF1B7349F}"
EndProject
Project("{2150E333-8FDC-42A3-9474-1A3956D46DE8}") = "Services", "Services", "{5335D7F2-A926-4ACC-9E6A-B3FF53BBF9FC}"
EndProject
Project("{2150E333-8FDC-42A3-9474-1A3956D46DE8}") = "Api", "Api", "{68BDC60B-03F3-4C68-BC3F-81F00DAA5EDC}"
EndProject
Project("{2150E333-8FDC-42A3-9474-1A3956D46DE8}") = "Client", "Client", "{CCD4D1AB-D7D3-44A7-A826-6C854B029252}"
EndProject
Project("{2150E333-8FDC-42A3-9474-1A3956D46DE8}") = "Common", "Common", "{E61BC696-5870-41A1-A4B1-6F4EB48FB4CB}"
EndProject
Project("{2150E333-8FDC-42A3-9474-1A3956D46DE8}") = "Extensions", "Extensions", "{06BABA6F-F2F3-4C84-8D31-C01DBC356A2A}"
EndProject
Project("{2150E333-8FDC-42A3-9474-1A3956D46DE8}") = "Models", "Models", "{BD1D8F8E-B6CA-4D95-A855-E679928A9CCB}"
EndProject
Project("{2150E333-8FDC-42A3-9474-1A3956D46DE8}") = "Services", "Services", "{802A1026-31D1-46B0-8A4E-EBEB6CAA3861}"
EndProject
Project("{2150E333-8FDC-42A3-9474-1A3956D46DE8}") = "Security", "Security", "{7E0DAE4B-1F6A-4C64-A8F6-D352504E80C0}"
EndProject
Project("{2150E333-8FDC-42A3-9474-1A3956D46DE8}") = "Configuration", "Configuration", "{6C37D13F-AD8C-4154-AB0C-4A98C55E85E4}"
EndProject
Project("{2150E333-8FDC-42A3-9474-1A3956D46DE8}") = "Logging", "Logging", "{D2A24611-6C60-4C02-AD7D-BA37DAD61DA3}"
EndProject
Project("{2150E333-8FDC-42A3-9474-1A3956D46DE8}") = "Notification", "Notification", "{215AC838-DAE4-44F7-96C5-AD7F2D58C8F9}"
EndProject
Project("{2150E333-8FDC-42A3-9474-1A3956D46DE8}") = "Dtos", "Dtos", "{47A38788-E236-40B6-8D1F-E7A52DCE83F8}"
EndProject
Project("{2150E333-8FDC-42A3-9474-1A3956D46DE8}") = "Extensions", "Extensions", "{1E603A24-359E-4AC2-B23F-C1171CE056E2}"
EndProject
Project("{2150E333-8FDC-42A3-9474-1A3956D46DE8}") = "Entities", "Entities", "{870DAAAC-AE19-47EA-BBD3-7243EF8CD790}"
EndProject
Project("{2150E333-8FDC-42A3-9474-1A3956D46DE8}") = "Repositories", "Repositories", "{07C30E97-0AC6-49A3-9C63-160C681F41C2}"
EndProject
Project("{2150E333-8FDC-42A3-9474-1A3956D46DE8}") = "Extensions", "Extensions", "{1C9C7B31-0B0B-4F99-8954-CB0128CE974A}"
EndProject
Project("{2150E333-8FDC-42A3-9474-1A3956D46DE8}") = "IoC", "IoC", "{BA59863A-4312-47D7-8371-574698CEC133}"
EndProject
Project("{2150E333-8FDC-42A3-9474-1A3956D46DE8}") = "Mappers", "Mappers", "{4B37B66D-89D5-471B-A577-84DF5F3BE47E}"
EndProject
Project("{2150E333-8FDC-42A3-9474-1A3956D46DE8}") = "CodeBase", "CodeBase", "{AC74824C-9262-4079-90E0-DB84E28CBA2F}"
EndProject
Project("{2150E333-8FDC-42A3-9474-1A3956D46DE8}") = "Common", "Common", "{A465A074-7523-48C9-86ED-68D1AFFA427B}"
EndProject
Project("{2150E333-8FDC-42A3-9474-1A3956D46DE8}") = "Helpers", "Helpers", "{47C9F812-3526-4284-9342-E7FBCDAC4BFD}"
EndProject
Project("{2150E333-8FDC-42A3-9474-1A3956D46DE8}") = "Providers", "Providers", "{869F6862-ABF5-4534-8132-0745FA7DCB1F}"
EndProject
Project("{2150E333-8FDC-42A3-9474-1A3956D46DE8}") = "ServiceLocator", "ServiceLocator", "{602C3055-E8DB-4EDA-A0E5-20EB33197905}"
EndProject
Project("{2150E333-8FDC-42A3-9474-1A3956D46DE8}") = "SQL", "SQL", "{1040FEF8-F840-4E77-BDF8-EEF8A4B5A4F1}"
EndProject
Project("{2150E333-8FDC-42A3-9474-1A3956D46DE8}") = "Mongo", "Mongo", "{99388EE1-8A56-4775-AE8C-E47CE5A4FB8A}"
EndProject
Project("{2150E333-8FDC-42A3-9474-1A3956D46DE8}") = "Redis", "Redis", "{79967AC0-7F27-4BD6-B506-563A8BD35573}"
EndProject
Project("{FAE04EC0-301F-11D3-BF4B-00C04F79EFBC}") = "Presentation.Web.Colpatria", "Presentation.Web.Colpatria\Presentation.Web.Colpatria.csproj", "{EBB2367B-D381-4250-9566-FE8EBC2180CA}"
EndProject
Project("{FAE04EC0-301F-11D3-BF4B-00C04F79EFBC}") = "Data.Common.Definition", "Data.Common.Definition\Data.Common.Definition.csproj", "{470AB1B1-B29E-4360-AA44-0D83825ECFCD}"
EndProject
Project("{FAE04EC0-301F-11D3-BF4B-00C04F79EFBC}") = "Data.Common.Implementation", "Data.Common.Implementation\Data.Common.Implementation.csproj", "{4F25BBFA-26D1-4B46-AD1D-A9471CF3975F}"
EndProject
Project("{FAE04EC0-301F-11D3-BF4B-00C04F79EFBC}") = "Crosscutting.DependencyInjectionFactory", "Crusscutting.DependencyInjectionFactory\Crosscutting.DependencyInjectionFactory.csproj", "{DC094F7C-1264-420E-9B4E-A2B83A63AD48}"
EndProject
Project("{FAE04EC0-301F-11D3-BF4B-00C04F79EFBC}") = "Data.MongoModule", "Data.MongoModule\Data.MongoModule.csproj", "{B971EC7F-4A5D-49C1-9150-2322B59E0E2E}"
EndProject
Project("{FAE04EC0-301F-11D3-BF4B-00C04F79EFBC}") = "Core.DataTransferObject", "Core.DataTransferObject\Core.DataTransferObject.csproj", "{7F897A80-1FDA-4B0E-B86D-34F14EE6C417}"
EndProject
Project("{FAE04EC0-301F-11D3-BF4B-00C04F79EFBC}") = "Core.Entities", "Core.Entities\Core.Entities.csproj", "{984FC515-8235-4B7B-9821-84A7AF8F4EE0}"
EndProject
Project("{FAE04EC0-301F-11D3-BF4B-00C04F79EFBC}") = "Core.GlobalRepository", "Core.GlobalRepository.Definition\Core.GlobalRepository.csproj", "{3F22AAFC-92BE-46B2-86B0-0BC8835C279E}"
EndProject
Project("{FAE04EC0-301F-11D3-BF4B-00C04F79EFBC}") = "Presentation.Web.Common", "Presentation.Web.Common\Presentation.Web.Common.csproj", "{092626EC-96CA-42F3-BA06-2F7C2135533A}"
EndProject
Project("{FAE04EC0-301F-11D3-BF4B-00C04F79EFBC}") = "Crosscutting.Mappers", "Crusscutting.Mappers\Crosscutting.Mappers.csproj", "{09B7B936-6FED-4935-A682-24FD1D0F132B}"
EndProject
Project("{FAE04EC0-301F-11D3-BF4B-00C04F79EFBC}") = "Application.Main.Definition", "Application.Main.Definition\Application.Main.Definition.csproj", "{D4B7DD82-31C4-4013-98D1-F02D92E6BFA6}"
EndProject
Project("{FAE04EC0-301F-11D3-BF4B-00C04F79EFBC}") = "Application.Main.Implementation", "Application.Main.Implementation\Application.Main.Implementation.csproj", "{5BE9AA00-1437-4C9B-B79D-F817D765E5AD}"
EndProject
Project("{FAE04EC0-301F-11D3-BF4B-00C04F79EFBC}") = "Data.DataCredito", "Data.DataCredito\Data.DataCredito.csproj", "{FDC0BC2C-7487-4F35-9AC5-561F64B7F54D}"
EndProject
Project("{FAE04EC0-301F-11D3-BF4B-00C04F79EFBC}") = "Crosscutting.Common", "Crosscutting.Common\Crosscutting.Common.csproj", "{31541F2D-B903-4C21-AE5F-116633FD9E65}"
EndProject
Global
	GlobalSection(SolutionConfigurationPlatforms) = preSolution
		Debug|Any CPU = Debug|Any CPU
		Release|Any CPU = Release|Any CPU
	EndGlobalSection
	GlobalSection(ProjectConfigurationPlatforms) = postSolution
		{EBB2367B-D381-4250-9566-FE8EBC2180CA}.Debug|Any CPU.ActiveCfg = Debug|Any CPU
		{EBB2367B-D381-4250-9566-FE8EBC2180CA}.Debug|Any CPU.Build.0 = Debug|Any CPU
		{EBB2367B-D381-4250-9566-FE8EBC2180CA}.Release|Any CPU.ActiveCfg = Release|Any CPU
		{EBB2367B-D381-4250-9566-FE8EBC2180CA}.Release|Any CPU.Build.0 = Release|Any CPU
		{470AB1B1-B29E-4360-AA44-0D83825ECFCD}.Debug|Any CPU.ActiveCfg = Debug|Any CPU
		{470AB1B1-B29E-4360-AA44-0D83825ECFCD}.Debug|Any CPU.Build.0 = Debug|Any CPU
		{470AB1B1-B29E-4360-AA44-0D83825ECFCD}.Release|Any CPU.ActiveCfg = Release|Any CPU
		{470AB1B1-B29E-4360-AA44-0D83825ECFCD}.Release|Any CPU.Build.0 = Release|Any CPU
		{4F25BBFA-26D1-4B46-AD1D-A9471CF3975F}.Debug|Any CPU.ActiveCfg = Debug|Any CPU
		{4F25BBFA-26D1-4B46-AD1D-A9471CF3975F}.Debug|Any CPU.Build.0 = Debug|Any CPU
		{4F25BBFA-26D1-4B46-AD1D-A9471CF3975F}.Release|Any CPU.ActiveCfg = Release|Any CPU
		{4F25BBFA-26D1-4B46-AD1D-A9471CF3975F}.Release|Any CPU.Build.0 = Release|Any CPU
		{DC094F7C-1264-420E-9B4E-A2B83A63AD48}.Debug|Any CPU.ActiveCfg = Debug|Any CPU
		{DC094F7C-1264-420E-9B4E-A2B83A63AD48}.Debug|Any CPU.Build.0 = Debug|Any CPU
		{DC094F7C-1264-420E-9B4E-A2B83A63AD48}.Release|Any CPU.ActiveCfg = Release|Any CPU
		{DC094F7C-1264-420E-9B4E-A2B83A63AD48}.Release|Any CPU.Build.0 = Release|Any CPU
		{B971EC7F-4A5D-49C1-9150-2322B59E0E2E}.Debug|Any CPU.ActiveCfg = Debug|Any CPU
		{B971EC7F-4A5D-49C1-9150-2322B59E0E2E}.Debug|Any CPU.Build.0 = Debug|Any CPU
		{B971EC7F-4A5D-49C1-9150-2322B59E0E2E}.Release|Any CPU.ActiveCfg = Release|Any CPU
		{B971EC7F-4A5D-49C1-9150-2322B59E0E2E}.Release|Any CPU.Build.0 = Release|Any CPU
		{7F897A80-1FDA-4B0E-B86D-34F14EE6C417}.Debug|Any CPU.ActiveCfg = Debug|Any CPU
		{7F897A80-1FDA-4B0E-B86D-34F14EE6C417}.Debug|Any CPU.Build.0 = Debug|Any CPU
		{7F897A80-1FDA-4B0E-B86D-34F14EE6C417}.Release|Any CPU.ActiveCfg = Release|Any CPU
		{7F897A80-1FDA-4B0E-B86D-34F14EE6C417}.Release|Any CPU.Build.0 = Release|Any CPU
		{984FC515-8235-4B7B-9821-84A7AF8F4EE0}.Debug|Any CPU.ActiveCfg = Debug|Any CPU
		{984FC515-8235-4B7B-9821-84A7AF8F4EE0}.Debug|Any CPU.Build.0 = Debug|Any CPU
		{984FC515-8235-4B7B-9821-84A7AF8F4EE0}.Release|Any CPU.ActiveCfg = Release|Any CPU
		{984FC515-8235-4B7B-9821-84A7AF8F4EE0}.Release|Any CPU.Build.0 = Release|Any CPU
		{3F22AAFC-92BE-46B2-86B0-0BC8835C279E}.Debug|Any CPU.ActiveCfg = Debug|Any CPU
		{3F22AAFC-92BE-46B2-86B0-0BC8835C279E}.Debug|Any CPU.Build.0 = Debug|Any CPU
		{3F22AAFC-92BE-46B2-86B0-0BC8835C279E}.Release|Any CPU.ActiveCfg = Release|Any CPU
		{3F22AAFC-92BE-46B2-86B0-0BC8835C279E}.Release|Any CPU.Build.0 = Release|Any CPU
		{092626EC-96CA-42F3-BA06-2F7C2135533A}.Debug|Any CPU.ActiveCfg = Debug|Any CPU
		{092626EC-96CA-42F3-BA06-2F7C2135533A}.Debug|Any CPU.Build.0 = Debug|Any CPU
		{092626EC-96CA-42F3-BA06-2F7C2135533A}.Release|Any CPU.ActiveCfg = Release|Any CPU
		{092626EC-96CA-42F3-BA06-2F7C2135533A}.Release|Any CPU.Build.0 = Release|Any CPU
		{09B7B936-6FED-4935-A682-24FD1D0F132B}.Debug|Any CPU.ActiveCfg = Debug|Any CPU
		{09B7B936-6FED-4935-A682-24FD1D0F132B}.Debug|Any CPU.Build.0 = Debug|Any CPU
		{09B7B936-6FED-4935-A682-24FD1D0F132B}.Release|Any CPU.ActiveCfg = Release|Any CPU
		{09B7B936-6FED-4935-A682-24FD1D0F132B}.Release|Any CPU.Build.0 = Release|Any CPU
		{D4B7DD82-31C4-4013-98D1-F02D92E6BFA6}.Debug|Any CPU.ActiveCfg = Debug|Any CPU
		{D4B7DD82-31C4-4013-98D1-F02D92E6BFA6}.Debug|Any CPU.Build.0 = Debug|Any CPU
		{D4B7DD82-31C4-4013-98D1-F02D92E6BFA6}.Release|Any CPU.ActiveCfg = Release|Any CPU
		{D4B7DD82-31C4-4013-98D1-F02D92E6BFA6}.Release|Any CPU.Build.0 = Release|Any CPU
		{5BE9AA00-1437-4C9B-B79D-F817D765E5AD}.Debug|Any CPU.ActiveCfg = Debug|Any CPU
		{5BE9AA00-1437-4C9B-B79D-F817D765E5AD}.Debug|Any CPU.Build.0 = Debug|Any CPU
		{5BE9AA00-1437-4C9B-B79D-F817D765E5AD}.Release|Any CPU.ActiveCfg = Release|Any CPU
		{5BE9AA00-1437-4C9B-B79D-F817D765E5AD}.Release|Any CPU.Build.0 = Release|Any CPU
		{FDC0BC2C-7487-4F35-9AC5-561F64B7F54D}.Debug|Any CPU.ActiveCfg = Debug|Any CPU
		{FDC0BC2C-7487-4F35-9AC5-561F64B7F54D}.Debug|Any CPU.Build.0 = Debug|Any CPU
		{FDC0BC2C-7487-4F35-9AC5-561F64B7F54D}.Release|Any CPU.ActiveCfg = Release|Any CPU
		{FDC0BC2C-7487-4F35-9AC5-561F64B7F54D}.Release|Any CPU.Build.0 = Release|Any CPU
		{31541F2D-B903-4C21-AE5F-116633FD9E65}.Debug|Any CPU.ActiveCfg = Debug|Any CPU
		{31541F2D-B903-4C21-AE5F-116633FD9E65}.Debug|Any CPU.Build.0 = Debug|Any CPU
		{31541F2D-B903-4C21-AE5F-116633FD9E65}.Release|Any CPU.ActiveCfg = Release|Any CPU
		{31541F2D-B903-4C21-AE5F-116633FD9E65}.Release|Any CPU.Build.0 = Release|Any CPU
	EndGlobalSection
	GlobalSection(SolutionProperties) = preSolution
		HideSolutionNode = FALSE
	EndGlobalSection
	GlobalSection(NestedProjects) = preSolution
		{918219B0-D7FB-4984-8882-E40E4E5C07B4} = {CCD4D1AB-D7D3-44A7-A826-6C854B029252}
		{D880FAEF-0475-4BF6-B1EF-B0B5620A3332} = {CCD4D1AB-D7D3-44A7-A826-6C854B029252}
		{D64CE34A-DC8F-4A49-99AC-81BBF1B7349F} = {692D34B2-BAD1-4B39-AC2E-6FD647159BE4}
		{5335D7F2-A926-4ACC-9E6A-B3FF53BBF9FC} = {692D34B2-BAD1-4B39-AC2E-6FD647159BE4}
		{68BDC60B-03F3-4C68-BC3F-81F00DAA5EDC} = {5335D7F2-A926-4ACC-9E6A-B3FF53BBF9FC}
		{CCD4D1AB-D7D3-44A7-A826-6C854B029252} = {692D34B2-BAD1-4B39-AC2E-6FD647159BE4}
		{E61BC696-5870-41A1-A4B1-6F4EB48FB4CB} = {A8667B57-33BB-4390-B768-8B0F5B5B0538}
		{06BABA6F-F2F3-4C84-8D31-C01DBC356A2A} = {A8667B57-33BB-4390-B768-8B0F5B5B0538}
		{BD1D8F8E-B6CA-4D95-A855-E679928A9CCB} = {A8667B57-33BB-4390-B768-8B0F5B5B0538}
		{802A1026-31D1-46B0-8A4E-EBEB6CAA3861} = {A8667B57-33BB-4390-B768-8B0F5B5B0538}
		{7E0DAE4B-1F6A-4C64-A8F6-D352504E80C0} = {802A1026-31D1-46B0-8A4E-EBEB6CAA3861}
		{6C37D13F-AD8C-4154-AB0C-4A98C55E85E4} = {802A1026-31D1-46B0-8A4E-EBEB6CAA3861}
		{D2A24611-6C60-4C02-AD7D-BA37DAD61DA3} = {802A1026-31D1-46B0-8A4E-EBEB6CAA3861}
		{215AC838-DAE4-44F7-96C5-AD7F2D58C8F9} = {802A1026-31D1-46B0-8A4E-EBEB6CAA3861}
		{47A38788-E236-40B6-8D1F-E7A52DCE83F8} = {B472E30E-2619-48A5-A3F8-557E1F184273}
		{1E603A24-359E-4AC2-B23F-C1171CE056E2} = {B472E30E-2619-48A5-A3F8-557E1F184273}
		{870DAAAC-AE19-47EA-BBD3-7243EF8CD790} = {B472E30E-2619-48A5-A3F8-557E1F184273}
		{07C30E97-0AC6-49A3-9C63-160C681F41C2} = {B472E30E-2619-48A5-A3F8-557E1F184273}
		{1C9C7B31-0B0B-4F99-8954-CB0128CE974A} = {02183C6F-3160-48A1-A76E-3EA83EDFC542}
		{BA59863A-4312-47D7-8371-574698CEC133} = {02183C6F-3160-48A1-A76E-3EA83EDFC542}
		{4B37B66D-89D5-471B-A577-84DF5F3BE47E} = {02183C6F-3160-48A1-A76E-3EA83EDFC542}
		{AC74824C-9262-4079-90E0-DB84E28CBA2F} = {02183C6F-3160-48A1-A76E-3EA83EDFC542}
		{A465A074-7523-48C9-86ED-68D1AFFA427B} = {714ECD53-B34B-4940-8CB4-A485EA15384D}
		{47C9F812-3526-4284-9342-E7FBCDAC4BFD} = {714ECD53-B34B-4940-8CB4-A485EA15384D}
		{869F6862-ABF5-4534-8132-0745FA7DCB1F} = {714ECD53-B34B-4940-8CB4-A485EA15384D}
		{602C3055-E8DB-4EDA-A0E5-20EB33197905} = {869F6862-ABF5-4534-8132-0745FA7DCB1F}
		{1040FEF8-F840-4E77-BDF8-EEF8A4B5A4F1} = {869F6862-ABF5-4534-8132-0745FA7DCB1F}
		{99388EE1-8A56-4775-AE8C-E47CE5A4FB8A} = {869F6862-ABF5-4534-8132-0745FA7DCB1F}
		{79967AC0-7F27-4BD6-B506-563A8BD35573} = {869F6862-ABF5-4534-8132-0745FA7DCB1F}
		{EBB2367B-D381-4250-9566-FE8EBC2180CA} = {D880FAEF-0475-4BF6-B1EF-B0B5620A3332}
		{470AB1B1-B29E-4360-AA44-0D83825ECFCD} = {A465A074-7523-48C9-86ED-68D1AFFA427B}
		{4F25BBFA-26D1-4B46-AD1D-A9471CF3975F} = {A465A074-7523-48C9-86ED-68D1AFFA427B}
		{DC094F7C-1264-420E-9B4E-A2B83A63AD48} = {BA59863A-4312-47D7-8371-574698CEC133}
		{B971EC7F-4A5D-49C1-9150-2322B59E0E2E} = {99388EE1-8A56-4775-AE8C-E47CE5A4FB8A}
		{7F897A80-1FDA-4B0E-B86D-34F14EE6C417} = {47A38788-E236-40B6-8D1F-E7A52DCE83F8}
		{984FC515-8235-4B7B-9821-84A7AF8F4EE0} = {870DAAAC-AE19-47EA-BBD3-7243EF8CD790}
		{3F22AAFC-92BE-46B2-86B0-0BC8835C279E} = {07C30E97-0AC6-49A3-9C63-160C681F41C2}
		{092626EC-96CA-42F3-BA06-2F7C2135533A} = {D64CE34A-DC8F-4A49-99AC-81BBF1B7349F}
		{09B7B936-6FED-4935-A682-24FD1D0F132B} = {4B37B66D-89D5-471B-A577-84DF5F3BE47E}
		{D4B7DD82-31C4-4013-98D1-F02D92E6BFA6} = {E61BC696-5870-41A1-A4B1-6F4EB48FB4CB}
		{5BE9AA00-1437-4C9B-B79D-F817D765E5AD} = {E61BC696-5870-41A1-A4B1-6F4EB48FB4CB}
		{FDC0BC2C-7487-4F35-9AC5-561F64B7F54D} = {602C3055-E8DB-4EDA-A0E5-20EB33197905}
		{31541F2D-B903-4C21-AE5F-116633FD9E65} = {1C9C7B31-0B0B-4F99-8954-CB0128CE974A}
	EndGlobalSection
EndGlobal
